// !$*UTF8*$!
{
	archiveVersion = 1;
	classes = {
	};
	objectVersion = 54;
	objects = {

/* Begin PBXBuildFile section */
		085E0720B562DDB7FB33635C /* Localizable.strings in Resources */ = {isa = PBXBuildFile; fileRef = F1DC679DB4239568DCB33D9D /* Localizable.strings */; };
		187CDA9C5354F19B6D61DB3C /* Channel.swift in Sources */ = {isa = PBXBuildFile; fileRef = F7B03F56A090D222CF65320F /* Channel.swift */; };
		3498CD7BC2590E594ED0B15B /* KeychainManager.swift in Sources */ = {isa = PBXBuildFile; fileRef = 6A3ED871ED3D6572CF10F1D6 /* KeychainManager.swift */; };
		3B59BA2384234E8DC07B27E3 /* L10n.swift in Sources */ = {isa = PBXBuildFile; fileRef = D5422DEC9022F694E189C7BB /* L10n.swift */; };
		46655E715C984A73A0D333D9 /* AppMain.swift in Sources */ = {isa = PBXBuildFile; fileRef = C3F9725EF4309B45C644878E /* AppMain.swift */; };
		4B3FC2968038FFFEF586B760 /* Alamofire in Frameworks */ = {isa = PBXBuildFile; productRef = 059BD3D5153F1DCBC98C46C6 /* Alamofire */; };
		8813F7A8F1BFF99E5999E410 /* KeychainAccess in Frameworks */ = {isa = PBXBuildFile; productRef = 600F146944AED2E3648921A3 /* KeychainAccess */; };
		951C89DFDAE156F0896476CA /* providers.json in Resources */ = {isa = PBXBuildFile; fileRef = CA76A13FAEC9657314758FA9 /* providers.json */; };
		A5AD8F7D256701C83DC95AFA /* MenuView.swift in Sources */ = {isa = PBXBuildFile; fileRef = 68B67CBADAAD18B6EC7468D7 /* MenuView.swift */; };
		BCE8D48195ACD3ED528F2B1A /* AppState.swift in Sources */ = {isa = PBXBuildFile; fileRef = 14DE1D9F9057CBAEE3926F4B /* AppState.swift */; };
		C26C143975DEC87CE3122B77 /* Cocoa.framework in Frameworks */ = {isa = PBXBuildFile; fileRef = 641A141D241E3805C63C6E33 /* Cocoa.framework */; };
		C8DBF795095AAB15AB6C4B89 /* SettingsView.swift in Sources */ = {isa = PBXBuildFile; fileRef = 0F3716FC78C129361D3646ED /* SettingsView.swift */; };
		DBB8A541C8FDC6A64D19D616 /* SystemConfiguration.framework in Frameworks */ = {isa = PBXBuildFile; fileRef = 95FD0F8BD7D7A116EABFD721 /* SystemConfiguration.framework */; };
		EEB09156840F51CD8A2D6C6D /* Swifter in Frameworks */ = {isa = PBXBuildFile; productRef = 9BCB86D137EEB4AD25621D50 /* Swifter */; };
		FDCE701C79F43EF174101D97 /* ProxyServer.swift in Sources */ = {isa = PBXBuildFile; fileRef = 4D4E1666E71D1F65A8D99A0D /* ProxyServer.swift */; };
/* End PBXBuildFile section */

/* Begin PBXFileReference section */
		0F3716FC78C129361D3646ED /* SettingsView.swift */ = {isa = PBXFileReference; lastKnownFileType = sourcecode.swift; path = SettingsView.swift; sourceTree = "<group>"; };
		14DE1D9F9057CBAEE3926F4B /* AppState.swift */ = {isa = PBXFileReference; lastKnownFileType = sourcecode.swift; path = AppState.swift; sourceTree = "<group>"; };
		1E67E43DF74D949E95A122DF /* en */ = {isa = PBXFileReference; lastKnownFileType = text.plist.strings; name = en; path = en.lproj/Localizable.strings; sourceTree = "<group>"; };
		4D4E1666E71D1F65A8D99A0D /* ProxyServer.swift */ = {isa = PBXFileReference; lastKnownFileType = sourcecode.swift; path = ProxyServer.swift; sourceTree = "<group>"; };
		641A141D241E3805C63C6E33 /* Cocoa.framework */ = {isa = PBXFileReference; lastKnownFileType = wrapper.framework; name = Cocoa.framework; path = System/Library/Frameworks/Cocoa.framework; sourceTree = SDKROOT; };
		68B67CBADAAD18B6EC7468D7 /* MenuView.swift */ = {isa = PBXFileReference; lastKnownFileType = sourcecode.swift; path = MenuView.swift; sourceTree = "<group>"; };
		6A3ED871ED3D6572CF10F1D6 /* KeychainManager.swift */ = {isa = PBXFileReference; lastKnownFileType = sourcecode.swift; path = KeychainManager.swift; sourceTree = "<group>"; };
		95FD0F8BD7D7A116EABFD721 /* SystemConfiguration.framework */ = {isa = PBXFileReference; lastKnownFileType = wrapper.framework; name = SystemConfiguration.framework; path = System/Library/Frameworks/SystemConfiguration.framework; sourceTree = SDKROOT; };
		97814A5AB435913CB94CBC65 /* SmartLLMRouter.app */ = {isa = PBXFileReference; explicitFileType = wrapper.application; includeInIndex = 0; path = SmartLLMRouter.app; sourceTree = BUILT_PRODUCTS_DIR; };
		C3F9725EF4309B45C644878E /* AppMain.swift */ = {isa = PBXFileReference; lastKnownFileType = sourcecode.swift; path = AppMain.swift; sourceTree = "<group>"; };
		CA76A13FAEC9657314758FA9 /* providers.json */ = {isa = PBXFileReference; lastKnownFileType = text.json; path = providers.json; sourceTree = "<group>"; };
		D5422DEC9022F694E189C7BB /* L10n.swift */ = {isa = PBXFileReference; lastKnownFileType = sourcecode.swift; path = L10n.swift; sourceTree = "<group>"; };
		ED6C21932894E14C491FCCE5 /* zh-Hans */ = {isa = PBXFileReference; lastKnownFileType = text.plist.strings; name = "zh-Hans"; path = "zh-Hans.lproj/Localizable.strings"; sourceTree = "<group>"; };
		F7B03F56A090D222CF65320F /* Channel.swift */ = {isa = PBXFileReference; lastKnownFileType = sourcecode.swift; path = Channel.swift; sourceTree = "<group>"; };
/* End PBXFileReference section */

/* Begin PBXFrameworksBuildPhase section */
		45D83AC171B90C47DD9E6847 /* Frameworks */ = {
			isa = PBXFrameworksBuildPhase;
			buildActionMask = 2147483647;
			files = (
				C26C143975DEC87CE3122B77 /* Cocoa.framework in Frameworks */,
				DBB8A541C8FDC6A64D19D616 /* SystemConfiguration.framework in Frameworks */,
				EEB09156840F51CD8A2D6C6D /* Swifter in Frameworks */,
				4B3FC2968038FFFEF586B760 /* Alamofire in Frameworks */,
				8813F7A8F1BFF99E5999E410 /* KeychainAccess in Frameworks */,
			);
			runOnlyForDeploymentPostprocessing = 0;
		};
/* End PBXFrameworksBuildPhase section */

/* Begin PBXGroup section */
		073D5B8B262E8B0D7BA5D06F /* Models */ = {
			isa = PBXGroup;
			children = (
				14DE1D9F9057CBAEE3926F4B /* AppState.swift */,
				F7B03F56A090D222CF65320F /* Channel.swift */,
			);
			path = Models;
			sourceTree = "<group>";
		};
		0C7BCB264F49635A30177155 /* Products */ = {
			isa = PBXGroup;
			children = (
				97814A5AB435913CB94CBC65 /* SmartLLMRouter.app */,
			);
			name = Products;
			sourceTree = "<group>";
		};
		355B4E547384F021361DE5FB /* Generated */ = {
			isa = PBXGroup;
			children = (
				D5422DEC9022F694E189C7BB /* L10n.swift */,
			);
			path = Generated;
			sourceTree = "<group>";
		};
		44A5F154CB4E6CB1829006CD /* Resources */ = {
			isa = PBXGroup;
			children = (
				F1DC679DB4239568DCB33D9D /* Localizable.strings */,
				CA76A13FAEC9657314758FA9 /* providers.json */,
			);
			path = Resources;
			sourceTree = "<group>";
		};
		5354AD58870C5C2A17208505 = {
			isa = PBXGroup;
			children = (
				44A5F154CB4E6CB1829006CD /* Resources */,
				B0464326DB7513BB1187143C /* Sources */,
				8091A9963CC261AB870EF5B6 /* Frameworks */,
				0C7BCB264F49635A30177155 /* Products */,
			);
			sourceTree = "<group>";
		};
		8091A9963CC261AB870EF5B6 /* Frameworks */ = {
			isa = PBXGroup;
			children = (
				641A141D241E3805C63C6E33 /* Cocoa.framework */,
				95FD0F8BD7D7A116EABFD721 /* SystemConfiguration.framework */,
			);
			name = Frameworks;
			sourceTree = "<group>";
		};
		B0464326DB7513BB1187143C /* Sources */ = {
			isa = PBXGroup;
			children = (
				355B4E547384F021361DE5FB /* Generated */,
				073D5B8B262E8B0D7BA5D06F /* Models */,
				EEA026C63A2D69A61FE8A4F5 /* Services */,
				EDA73879ACC8C85FC1788C82 /* Views */,
				C3F9725EF4309B45C644878E /* AppMain.swift */,
			);
			path = Sources;
			sourceTree = "<group>";
		};
		EDA73879ACC8C85FC1788C82 /* Views */ = {
			isa = PBXGroup;
			children = (
				68B67CBADAAD18B6EC7468D7 /* MenuView.swift */,
				0F3716FC78C129361D3646ED /* SettingsView.swift */,
			);
			path = Views;
			sourceTree = "<group>";
		};
		EEA026C63A2D69A61FE8A4F5 /* Services */ = {
			isa = PBXGroup;
			children = (
				6A3ED871ED3D6572CF10F1D6 /* KeychainManager.swift */,
				4D4E1666E71D1F65A8D99A0D /* ProxyServer.swift */,
			);
			path = Services;
			sourceTree = "<group>";
		};
/* End PBXGroup section */

/* Begin PBXNativeTarget section */
		1BDF333EC70DB2ADFB01EB78 /* SmartLLMRouter */ = {
			isa = PBXNativeTarget;
			buildConfigurationList = 84702DA1C579FE6266B01010 /* Build configuration list for PBXNativeTarget "SmartLLMRouter" */;
			buildPhases = (
				4EF168A221A67208077A7B47 /* Sources */,
				F9261CB913B1AA39B6A9B085 /* Resources */,
				45D83AC171B90C47DD9E6847 /* Frameworks */,
			);
			buildRules = (
			);
			dependencies = (
			);
			name = SmartLLMRouter;
			packageProductDependencies = (
				9BCB86D137EEB4AD25621D50 /* Swifter */,
				059BD3D5153F1DCBC98C46C6 /* Alamofire */,
				600F146944AED2E3648921A3 /* KeychainAccess */,
			);
			productName = SmartLLMRouter;
			productReference = 97814A5AB435913CB94CBC65 /* SmartLLMRouter.app */;
			productType = "com.apple.product-type.application";
		};
/* End PBXNativeTarget section */

/* Begin PBXProject section */
		FABDD73B922FCED4DDA2756C /* Project object */ = {
			isa = PBXProject;
			attributes = {
				BuildIndependentTargetsInParallel = YES;
				LastUpgradeCheck = 1430;
				TargetAttributes = {
				};
			};
			buildConfigurationList = CFBB8DA7E921662BDBBE88EB /* Build configuration list for PBXProject "SmartLLMRouter" */;
			compatibilityVersion = "Xcode 14.0";
			developmentRegion = en;
			hasScannedForEncodings = 0;
			knownRegions = (
				Base,
				en,
				"zh-Hans",
			);
			mainGroup = 5354AD58870C5C2A17208505;
			packageReferences = (
				D2F28C031B8DA554F51F3DA2 /* XCRemoteSwiftPackageReference "Alamofire" */,
				DFAF4906154963F5296E793F /* XCRemoteSwiftPackageReference "KeychainAccess" */,
				E8A6E70CFFC36338DBB887AC /* XCRemoteSwiftPackageReference "swifter" */,
			);
			projectDirPath = "";
			projectRoot = "";
			targets = (
				1BDF333EC70DB2ADFB01EB78 /* SmartLLMRouter */,
			);
		};
/* End PBXProject section */

/* Begin PBXResourcesBuildPhase section */
		F9261CB913B1AA39B6A9B085 /* Resources */ = {
			isa = PBXResourcesBuildPhase;
			buildActionMask = 2147483647;
			files = (
				085E0720B562DDB7FB33635C /* Localizable.strings in Resources */,
				951C89DFDAE156F0896476CA /* providers.json in Resources */,
			);
			runOnlyForDeploymentPostprocessing = 0;
		};
/* End PBXResourcesBuildPhase section */

/* Begin PBXSourcesBuildPhase section */
		4EF168A221A67208077A7B47 /* Sources */ = {
			isa = PBXSourcesBuildPhase;
			buildActionMask = 2147483647;
			files = (
				46655E715C984A73A0D333D9 /* AppMain.swift in Sources */,
				BCE8D48195ACD3ED528F2B1A /* AppState.swift in Sources */,
				187CDA9C5354F19B6D61DB3C /* Channel.swift in Sources */,
				3498CD7BC2590E594ED0B15B /* KeychainManager.swift in Sources */,
				3B59BA2384234E8DC07B27E3 /* L10n.swift in Sources */,
				A5AD8F7D256701C83DC95AFA /* MenuView.swift in Sources */,
				FDCE701C79F43EF174101D97 /* ProxyServer.swift in Sources */,
				C8DBF795095AAB15AB6C4B89 /* SettingsView.swift in Sources */,
			);
			runOnlyForDeploymentPostprocessing = 0;
		};
/* End PBXSourcesBuildPhase section */

/* Begin PBXVariantGroup section */
		F1DC679DB4239568DCB33D9D /* Localizable.strings */ = {
			isa = PBXVariantGroup;
			children = (
				1E67E43DF74D949E95A122DF /* en */,
				ED6C21932894E14C491FCCE5 /* zh-Hans */,
			);
			name = Localizable.strings;
			sourceTree = "<group>";
		};
/* End PBXVariantGroup section */

/* Begin XCBuildConfiguration section */
		1A3895831151DF0C77C49907 /* Release */ = {
			isa = XCBuildConfiguration;
			buildSettings = {
				GENERATE_INFOPLIST_FILE = YES;
				INFOPLIST_KEY_CFBundleDisplayName = SmartLLMRouter;
				INFOPLIST_KEY_LSUIElement = YES;
				INFOPLIST_KEY_NSHumanReadableCopyright = SmartLLMRouter;
				MACOSX_DEPLOYMENT_TARGET = 13.0;
				SDKROOT = macosx;
				SWIFT_VERSION = 5.9;
			};
			name = Release;
		};
		478F6ADC16AC5C94B5AEF8EC /* Release */ = {
			isa = XCBuildConfiguration;
			buildSettings = {
				ARCHS = arm64;
				ASSETCATALOG_COMPILER_APPICON_NAME = AppIcon;
				ONLY_ACTIVE_ARCH = YES;
				PRODUCT_BUNDLE_IDENTIFIER = com.smartllmrouter.SmartLLMRouter;
				PRODUCT_MODULE_NAME = SmartLLMRouter;
				PRODUCT_NAME = SmartLLMRouter;
			};
			name = Release;
		};
		C0BD929FEDE6A8B46A643152 /* Debug */ = {
			isa = XCBuildConfiguration;
			buildSettings = {
				ARCHS = arm64;
				ASSETCATALOG_COMPILER_APPICON_NAME = AppIcon;
				ONLY_ACTIVE_ARCH = YES;
				PRODUCT_BUNDLE_IDENTIFIER = com.smartllmrouter.SmartLLMRouter;
				PRODUCT_MODULE_NAME = SmartLLMRouter;
				PRODUCT_NAME = SmartLLMRouter;
			};
			name = Debug;
		};
		D713F19A64A4A10445D30FAD /* Debug */ = {
			isa = XCBuildConfiguration;
			buildSettings = {
				GENERATE_INFOPLIST_FILE = YES;
				INFOPLIST_KEY_CFBundleDisplayName = SmartLLMRouter;
				INFOPLIST_KEY_LSUIElement = YES;
				INFOPLIST_KEY_NSHumanReadableCopyright = SmartLLMRouter;
				MACOSX_DEPLOYMENT_TARGET = 13.0;
				SDKROOT = macosx;
				SWIFT_VERSION = 5.9;
			};
			name = Debug;
		};
/* End XCBuildConfiguration section */

/* Begin XCConfigurationList section */
		84702DA1C579FE6266B01010 /* Build configuration list for PBXNativeTarget "SmartLLMRouter" */ = {
			isa = XCConfigurationList;
			buildConfigurations = (
				C0BD929FEDE6A8B46A643152 /* Debug */,
				478F6ADC16AC5C94B5AEF8EC /* Release */,
			);
			defaultConfigurationIsVisible = 0;
			defaultConfigurationName = Debug;
		};
		CFBB8DA7E921662BDBBE88EB /* Build configuration list for PBXProject "SmartLLMRouter" */ = {
			isa = XCConfigurationList;
			buildConfigurations = (
				D713F19A64A4A10445D30FAD /* Debug */,
				1A3895831151DF0C77C49907 /* Release */,
			);
			defaultConfigurationIsVisible = 0;
			defaultConfigurationName = Debug;
		};
/* End XCConfigurationList section */

/* Begin XCRemoteSwiftPackageReference section */
		D2F28C031B8DA554F51F3DA2 /* XCRemoteSwiftPackageReference "Alamofire" */ = {
			isa = XCRemoteSwiftPackageReference;
			repositoryURL = "https://github.com/Alamofire/Alamofire.git";
			requirement = {
				kind = upToNextMajorVersion;
				minimumVersion = 5.9.0;
			};
		};
		DFAF4906154963F5296E793F /* XCRemoteSwiftPackageReference "KeychainAccess" */ = {
			isa = XCRemoteSwiftPackageReference;
			repositoryURL = "https://github.com/kishikawakatsumi/KeychainAccess.git";
			requirement = {
				kind = upToNextMajorVersion;
				minimumVersion = 4.2.2;
			};
		};
		E8A6E70CFFC36338DBB887AC /* XCRemoteSwiftPackageReference "swifter" */ = {
			isa = XCRemoteSwiftPackageReference;
			repositoryURL = "https://github.com/httpswift/swifter.git";
			requirement = {
				kind = upToNextMajorVersion;
				minimumVersion = 1.5.0;
			};
		};
/* End XCRemoteSwiftPackageReference section */

/* Begin XCSwiftPackageProductDependency section */
		059BD3D5153F1DCBC98C46C6 /* Alamofire */ = {
			isa = XCSwiftPackageProductDependency;
			package = D2F28C031B8DA554F51F3DA2 /* XCRemoteSwiftPackageReference "Alamofire" */;
			productName = Alamofire;
		};
		600F146944AED2E3648921A3 /* KeychainAccess */ = {
			isa = XCSwiftPackageProductDependency;
			package = DFAF4906154963F5296E793F /* XCRemoteSwiftPackageReference "KeychainAccess" */;
			productName = KeychainAccess;
		};
		9BCB86D137EEB4AD25621D50 /* Swifter */ = {
			isa = XCSwiftPackageProductDependency;
			package = E8A6E70CFFC36338DBB887AC /* XCRemoteSwiftPackageReference "swifter" */;
			productName = Swifter;
		};
/* End XCSwiftPackageProductDependency section */
	};
	rootObject = FABDD73B922FCED4DDA2756C /* Project object */;
}
